github.com/ccding/go-stun/stun v0.0.0-20200514191101-4dc67bcdb029 h1:POmUHfxXdeyM8Aomg4tKDcwATCFuW+cYLkj6pwsw9pc=
github.com/ccding/go-stun/stun v0.0.0-20200514191101-4dc67bcdb029/go.mod h1:Rpr5n9cGHYdM3S3IK8ROSUUUYjQOu+MSUCZDcJbYWi8=
github.com/linxlib/conv v0.0.0-20200419055849-46faf16ac98f h1:A+0Iprv8RxCVdoiEZAMVutoff67X61o3l7sMlvdQAAw=
github.com/linxlib/conv v0.0.0-20200419055849-46faf16ac98f/go.mod h1:3aUH0sipVf0h+/zRBfwuP7g/ni+55TQ1RLFpscdnpco=
github.com/linxlib/logs v0.1.5 h1:QyzE71DWiXxnlTZSrlpulv5Rm6NKNtesDJMnd8+AUCI=
github.com/linxlib/logs v0.1.5/go.mod h1:a2IkOlWtfecU5K5a+GVdED6EpRkFsbtFPYWCBtcE1Tg=
